
Microsoft Visual Studio Solution File, Format Version 12.00
# Visual Studio Version 17
VisualStudioVersion = 17.6.33801.468
MinimumVisualStudioVersion = 10.0.40219.1
Project("{FAE04EC0-301F-11D3-BF4B-00C04F79EFBC}") = "YunetFace", "YunetFace\YunetFace.csproj", "{04E917A5-3EA1-4180-B16E-45BA39DC864E}"
EndProject
Global
	GlobalSection(SolutionConfigurationPlatforms) = preSolution
		Debug|Any CPU = Debug|Any CPU
		Release|Any CPU = Release|Any CPU
	EndGlobalSection
	GlobalSection(ProjectConfigurationPlatforms) = postSolution
		{04E917A5-3EA1-4180-B16E-45BA39DC864E}.Debug|Any CPU.ActiveCfg = Debug|Any CPU
		{04E917A5-3EA1-4180-B16E-45BA39DC864E}.Debug|Any CPU.Build.0 = Debug|Any CPU
		{04E917A5-3EA1-4180-B16E-45BA39DC864E}.Release|Any CPU.ActiveCfg = Release|Any CPU
		{04E917A5-3EA1-4180-B16E-45BA39DC864E}.Release|Any CPU.Build.0 = Release|Any CPU
	EndGlobalSection
	GlobalSection(SolutionProperties) = preSolution
		HideSolutionNode = FALSE
	EndGlobalSection
	GlobalSection(ExtensibilityGlobals) = postSolution
		SolutionGuid = {8C95DF96-00A9-438A-B6CB-D3E44B258E95}
	EndGlobalSection
EndGlobal
